
Microsoft Visual Studio Solution File, Format Version 12.00
# Visual Studio Version 17
VisualStudioVersion = 17.4.33110.190
MinimumVisualStudioVersion = 10.0.40219.1
Project("{9A19103F-16F7-4668-BE54-9A1E7A4F7556}") = "Variables", "Variables\Variables.csproj", "{C2EEFC7B-A344-4630-908D-6DC06BA905E4}"
EndProject
Project("{FAE04EC0-301F-11D3-BF4B-00C04F79EFBC}") = "Operators", "Operators\Operators.csproj", "{DBFE9A13-4C32-43A0-AE4E-2E557CC051B7}"
EndProject
Global
	GlobalSection(SolutionConfigurationPlatforms) = preSolution
		Debug|Any CPU = Debug|Any CPU
		Release|Any CPU = Release|Any CPU
	EndGlobalSection
	GlobalSection(ProjectConfigurationPlatforms) = postSolution
		{C2EEFC7B-A344-4630-908D-6DC06BA905E4}.Debug|Any CPU.ActiveCfg = Debug|Any CPU
		{C2EEFC7B-A344-4630-908D-6DC06BA905E4}.Debug|Any CPU.Build.0 = Debug|Any CPU
		{C2EEFC7B-A344-4630-908D-6DC06BA905E4}.Release|Any CPU.ActiveCfg = Release|Any CPU
		{C2EEFC7B-A344-4630-908D-6DC06BA905E4}.Release|Any CPU.Build.0 = Release|Any CPU
		{DBFE9A13-4C32-43A0-AE4E-2E557CC051B7}.Debug|Any CPU.ActiveCfg = Debug|Any CPU
		{DBFE9A13-4C32-43A0-AE4E-2E557CC051B7}.Debug|Any CPU.Build.0 = Debug|Any CPU
		{DBFE9A13-4C32-43A0-AE4E-2E557CC051B7}.Release|Any CPU.ActiveCfg = Release|Any CPU
		{DBFE9A13-4C32-43A0-AE4E-2E557CC051B7}.Release|Any CPU.Build.0 = Release|Any CPU
	EndGlobalSection
	GlobalSection(SolutionProperties) = preSolution
		HideSolutionNode = FALSE
	EndGlobalSection
	GlobalSection(ExtensibilityGlobals) = postSolution
		SolutionGuid = {7CB2BEA8-FC3A-43A4-8340-075C9B90E123}
	EndGlobalSection
EndGlobal
