
Microsoft Visual Studio Solution File, Format Version 12.00
# Visual Studio Version 17
VisualStudioVersion = 17.4.33110.190
MinimumVisualStudioVersion = 10.0.40219.1
Project("{9A19103F-16F7-4668-BE54-9A1E7A4F7556}") = "Variables", "Variables\Variables.csproj", "{C2EEFC7B-A344-4630-908D-6DC06BA905E4}"
EndProject
Project("{9A19103F-16F7-4668-BE54-9A1E7A4F7556}") = "Operators", "Operators\Operators.csproj", "{DBFE9A13-4C32-43A0-AE4E-2E557CC051B7}"
EndProject
Project("{9A19103F-16F7-4668-BE54-9A1E7A4F7556}") = "Methods", "Methods\Methods.csproj", "{8943CAD6-580F-4BDD-B5E8-71E0336BA0F7}"
EndProject
Project("{9A19103F-16F7-4668-BE54-9A1E7A4F7556}") = "Structure", "structure\Structure.csproj", "{ED20E0E5-71E6-4184-A75C-D79EC01905FA}"
EndProject
Project("{9A19103F-16F7-4668-BE54-9A1E7A4F7556}") = "ClassObjectInstance", "ClassObjectInstance\ClassObjectInstance.csproj", "{F81EE1CE-FBCD-4B58-AC15-7B7B0A1C3B0D}"
EndProject
Project("{9A19103F-16F7-4668-BE54-9A1E7A4F7556}") = "Statement_if", "Statement_if\Statement_if.csproj", "{9B0191D4-190E-4814-9D64-F59F23C57381}"
EndProject
Project("{9A19103F-16F7-4668-BE54-9A1E7A4F7556}") = "Statement_SwitchAndEnum", "Statement_SwitchAndEnum\Statement_SwitchAndEnum.csproj", "{2EED564F-EC4C-4052-8CA9-624FC2E29371}"
EndProject
Project("{FAE04EC0-301F-11D3-BF4B-00C04F79EFBC}") = "Statements_Loops", "Statements_Loops\Statements_Loops.csproj", "{BB89EBC6-7577-4C57-8FCE-B5B91DBC82A7}"
EndProject
Project("{FAE04EC0-301F-11D3-BF4B-00C04F79EFBC}") = "Array1D", "Array1D\Array1D.csproj", "{A75513F0-5EFA-4C58-9DF0-B3BBEB424A52}"
EndProject
Global
	GlobalSection(SolutionConfigurationPlatforms) = preSolution
		Debug|Any CPU = Debug|Any CPU
		Release|Any CPU = Release|Any CPU
	EndGlobalSection
	GlobalSection(ProjectConfigurationPlatforms) = postSolution
		{C2EEFC7B-A344-4630-908D-6DC06BA905E4}.Debug|Any CPU.ActiveCfg = Debug|Any CPU
		{C2EEFC7B-A344-4630-908D-6DC06BA905E4}.Debug|Any CPU.Build.0 = Debug|Any CPU
		{C2EEFC7B-A344-4630-908D-6DC06BA905E4}.Release|Any CPU.ActiveCfg = Release|Any CPU
		{C2EEFC7B-A344-4630-908D-6DC06BA905E4}.Release|Any CPU.Build.0 = Release|Any CPU
		{DBFE9A13-4C32-43A0-AE4E-2E557CC051B7}.Debug|Any CPU.ActiveCfg = Debug|Any CPU
		{DBFE9A13-4C32-43A0-AE4E-2E557CC051B7}.Debug|Any CPU.Build.0 = Debug|Any CPU
		{DBFE9A13-4C32-43A0-AE4E-2E557CC051B7}.Release|Any CPU.ActiveCfg = Release|Any CPU
		{DBFE9A13-4C32-43A0-AE4E-2E557CC051B7}.Release|Any CPU.Build.0 = Release|Any CPU
		{8943CAD6-580F-4BDD-B5E8-71E0336BA0F7}.Debug|Any CPU.ActiveCfg = Debug|Any CPU
		{8943CAD6-580F-4BDD-B5E8-71E0336BA0F7}.Debug|Any CPU.Build.0 = Debug|Any CPU
		{8943CAD6-580F-4BDD-B5E8-71E0336BA0F7}.Release|Any CPU.ActiveCfg = Release|Any CPU
		{8943CAD6-580F-4BDD-B5E8-71E0336BA0F7}.Release|Any CPU.Build.0 = Release|Any CPU
		{ED20E0E5-71E6-4184-A75C-D79EC01905FA}.Debug|Any CPU.ActiveCfg = Debug|Any CPU
		{ED20E0E5-71E6-4184-A75C-D79EC01905FA}.Debug|Any CPU.Build.0 = Debug|Any CPU
		{ED20E0E5-71E6-4184-A75C-D79EC01905FA}.Release|Any CPU.ActiveCfg = Release|Any CPU
		{ED20E0E5-71E6-4184-A75C-D79EC01905FA}.Release|Any CPU.Build.0 = Release|Any CPU
		{F81EE1CE-FBCD-4B58-AC15-7B7B0A1C3B0D}.Debug|Any CPU.ActiveCfg = Debug|Any CPU
		{F81EE1CE-FBCD-4B58-AC15-7B7B0A1C3B0D}.Debug|Any CPU.Build.0 = Debug|Any CPU
		{F81EE1CE-FBCD-4B58-AC15-7B7B0A1C3B0D}.Release|Any CPU.ActiveCfg = Release|Any CPU
		{F81EE1CE-FBCD-4B58-AC15-7B7B0A1C3B0D}.Release|Any CPU.Build.0 = Release|Any CPU
		{9B0191D4-190E-4814-9D64-F59F23C57381}.Debug|Any CPU.ActiveCfg = Debug|Any CPU
		{9B0191D4-190E-4814-9D64-F59F23C57381}.Debug|Any CPU.Build.0 = Debug|Any CPU
		{9B0191D4-190E-4814-9D64-F59F23C57381}.Release|Any CPU.ActiveCfg = Release|Any CPU
		{9B0191D4-190E-4814-9D64-F59F23C57381}.Release|Any CPU.Build.0 = Release|Any CPU
		{2EED564F-EC4C-4052-8CA9-624FC2E29371}.Debug|Any CPU.ActiveCfg = Debug|Any CPU
		{2EED564F-EC4C-4052-8CA9-624FC2E29371}.Debug|Any CPU.Build.0 = Debug|Any CPU
		{2EED564F-EC4C-4052-8CA9-624FC2E29371}.Release|Any CPU.ActiveCfg = Release|Any CPU
		{2EED564F-EC4C-4052-8CA9-624FC2E29371}.Release|Any CPU.Build.0 = Release|Any CPU
		{BB89EBC6-7577-4C57-8FCE-B5B91DBC82A7}.Debug|Any CPU.ActiveCfg = Debug|Any CPU
		{BB89EBC6-7577-4C57-8FCE-B5B91DBC82A7}.Debug|Any CPU.Build.0 = Debug|Any CPU
		{BB89EBC6-7577-4C57-8FCE-B5B91DBC82A7}.Release|Any CPU.ActiveCfg = Release|Any CPU
		{BB89EBC6-7577-4C57-8FCE-B5B91DBC82A7}.Release|Any CPU.Build.0 = Release|Any CPU
		{A75513F0-5EFA-4C58-9DF0-B3BBEB424A52}.Debug|Any CPU.ActiveCfg = Debug|Any CPU
		{A75513F0-5EFA-4C58-9DF0-B3BBEB424A52}.Debug|Any CPU.Build.0 = Debug|Any CPU
		{A75513F0-5EFA-4C58-9DF0-B3BBEB424A52}.Release|Any CPU.ActiveCfg = Release|Any CPU
		{A75513F0-5EFA-4C58-9DF0-B3BBEB424A52}.Release|Any CPU.Build.0 = Release|Any CPU
	EndGlobalSection
	GlobalSection(SolutionProperties) = preSolution
		HideSolutionNode = FALSE
	EndGlobalSection
	GlobalSection(ExtensibilityGlobals) = postSolution
		SolutionGuid = {7CB2BEA8-FC3A-43A4-8340-075C9B90E123}
	EndGlobalSection
EndGlobal
